PODS:
  - Action (4.1.0):
    - RxCocoa (~> 5.0)
    - RxSwift (~> 5.0)
  - Nimble (9.0.0)
  - Quick (3.0.0)
  - RxCocoa (5.1.1):
    - RxRelay (~> 5)
    - RxSwift (~> 5)
  - RxOptional (4.1.0):
    - RxCocoa (~> 5)
    - RxSwift (~> 5)
  - RxRelay (5.1.1):
    - RxSwift (~> 5)
  - RxSwift (5.1.1)
  - RxSwiftExt (5.2.0):
    - RxSwiftExt/Core (= 5.2.0)
    - RxSwiftExt/RxCocoa (= 5.2.0)
  - RxSwiftExt/Core (5.2.0):
    - RxSwift (~> 5.0)
  - RxSwiftExt/RxCocoa (5.2.0):
    - RxCocoa (~> 5.0)
    - RxSwiftExt/Core
  - RxTest (5.1.1):
    - RxSwift (~> 5)

DEPENDENCIES:
  - Action
  - Nimble
  - Quick
  - RxCocoa
  - RxOptional
  - RxSwift
  - RxSwiftExt
  - RxTest

SPEC REPOS:
  https://github.com/CocoaPods/Specs.git:
    - Action
    - Nimble
    - Quick
    - RxCocoa
    - RxOptional
    - RxRelay
    - RxSwift
    - RxSwiftExt
    - RxTest

SPEC CHECKSUMS:
  Action: 79e6c5dc91e13eea045ab6744b3e5609086671aa
  Nimble: 3b4ec3fd40f1dc178058e0981107721c615643d8
  Quick: 6d9559f40647bc4d510103842ef2fdd882d753e2
  RxCocoa: 32065309a38d29b5b0db858819b5bf9ef038b601
  RxOptional: b1fcd60856807a564c0215c2184b8d33e7826dc2
  RxRelay: d77f7d771495f43c556cbc43eebd1bb54d01e8e9
  RxSwift: 81470a2074fa8780320ea5fe4102807cb7118178
  RxSwiftExt: 4ca80336f43c28f11a2825cdd2fc61dd6c044697
  RxTest: 711632d5644dffbeb62c936a521b5b008a1e1faa

PODFILE CHECKSUM: d97b37e38885a1bd990b813540fd3e5d8784f94f

COCOAPODS: 1.9.3
