PODS:
  - Action (5.0.0):
    - RxCocoa (~> 6.0)
    - RxSwift (~> 6.0)
  - Nimble (9.2.1)
  - Quick (4.0.0)
  - RxCocoa (6.5.0):
    - RxRelay (= 6.5.0)
    - RxSwift (= 6.5.0)
  - RxOptional (5.0.2):
    - RxCocoa (~> 6.0)
    - RxSwift (~> 6.0)
  - RxRelay (6.5.0):
    - RxSwift (= 6.5.0)
  - RxSwift (6.5.0)
  - RxSwiftExt (6.0.1):
    - RxSwiftExt/Core (= 6.0.1)
    - RxSwiftExt/RxCocoa (= 6.0.1)
  - RxSwiftExt/Core (6.0.1):
    - RxSwift (~> 6.0)
  - RxSwiftExt/RxCocoa (6.0.1):
    - RxCocoa (~> 6.0)
    - RxSwiftExt/Core
  - RxTest (6.5.0):
    - RxSwift (= 6.5.0)

DEPENDENCIES:
  - Action
  - Nimble
  - Quick
  - RxCocoa
  - RxOptional
  - RxSwift
  - RxSwiftExt
  - RxTest

SPEC REPOS:
  https://github.com/CocoaPods/Specs.git:
    - Action
    - Nimble
    - Quick
    - RxCocoa
    - RxOptional
    - RxRelay
    - RxSwift
    - RxSwiftExt
    - RxTest

SPEC CHECKSUMS:
  Action: 47f1825511907b4fcd79dd7a7db9526c20f78018
  Nimble: e7e615c0335ee4bf5b0d786685451e62746117d5
  Quick: 6473349e43b9271a8d43839d9ba1c442ed1b7ac4
  RxCocoa: 94f817b71c07517321eb4f9ad299112ca8af743b
  RxOptional: 3664964c96b69dd20c9cf78bdfe546615e26eca8
  RxRelay: 1de1523e604c72b6c68feadedd1af3b1b4d0ecbd
  RxSwift: 5710a9e6b17f3c3d6e40d6e559b9fa1e813b2ef8
  RxSwiftExt: d61c4b9b06e0a448041b1c659e0f1b5c5a035afc
  RxTest: eb2d23adefc5a5ebf5779c7792fa3edfe6ebcc17

PODFILE CHECKSUM: 1198756c23a9aba41fea17c7dbb2aa9233b3c2af

COCOAPODS: 1.11.2
